
Microsoft Visual Studio Solution File, Format Version 12.00
# Visual Studio Version 17
VisualStudioVersion = 17.4.33122.133
MinimumVisualStudioVersion = 10.0.40219.1
Project("{9A19103F-16F7-4668-BE54-9A1E7A4F7556}") = "denemeler", "denemeler\denemeler.csproj", "{5CD49824-E054-45DF-875E-511821332271}"
EndProject
Project("{FAE04EC0-301F-11D3-BF4B-00C04F79EFBC}") = "Matematik", "Matematik\Matematik.csproj", "{4EE13231-E92D-4ED3-845D-5AF62D6FB34E}"
EndProject
Project("{FAE04EC0-301F-11D3-BF4B-00C04F79EFBC}") = "Deger ve ReferansTipler", "Deger ve ReferansTipler\Deger ve ReferansTipler.csproj", "{1F09103B-6771-46D8-8747-C02E82EAE5D2}"
EndProject
Global
	GlobalSection(SolutionConfigurationPlatforms) = preSolution
		Debug|Any CPU = Debug|Any CPU
		Release|Any CPU = Release|Any CPU
	EndGlobalSection
	GlobalSection(ProjectConfigurationPlatforms) = postSolution
		{5CD49824-E054-45DF-875E-511821332271}.Debug|Any CPU.ActiveCfg = Debug|Any CPU
		{5CD49824-E054-45DF-875E-511821332271}.Debug|Any CPU.Build.0 = Debug|Any CPU
		{5CD49824-E054-45DF-875E-511821332271}.Release|Any CPU.ActiveCfg = Release|Any CPU
		{5CD49824-E054-45DF-875E-511821332271}.Release|Any CPU.Build.0 = Release|Any CPU
		{4EE13231-E92D-4ED3-845D-5AF62D6FB34E}.Debug|Any CPU.ActiveCfg = Debug|Any CPU
		{4EE13231-E92D-4ED3-845D-5AF62D6FB34E}.Debug|Any CPU.Build.0 = Debug|Any CPU
		{4EE13231-E92D-4ED3-845D-5AF62D6FB34E}.Release|Any CPU.ActiveCfg = Release|Any CPU
		{4EE13231-E92D-4ED3-845D-5AF62D6FB34E}.Release|Any CPU.Build.0 = Release|Any CPU
		{1F09103B-6771-46D8-8747-C02E82EAE5D2}.Debug|Any CPU.ActiveCfg = Debug|Any CPU
		{1F09103B-6771-46D8-8747-C02E82EAE5D2}.Debug|Any CPU.Build.0 = Debug|Any CPU
		{1F09103B-6771-46D8-8747-C02E82EAE5D2}.Release|Any CPU.ActiveCfg = Release|Any CPU
		{1F09103B-6771-46D8-8747-C02E82EAE5D2}.Release|Any CPU.Build.0 = Release|Any CPU
	EndGlobalSection
	GlobalSection(SolutionProperties) = preSolution
		HideSolutionNode = FALSE
	EndGlobalSection
	GlobalSection(ExtensibilityGlobals) = postSolution
		SolutionGuid = {7236A99D-9C4C-4BA8-9F9F-9E94E821F519}
	EndGlobalSection
EndGlobal
